github.com/dnb-org/debug v1.3.0 h1:w9jTmF/3UHFdyu9nzEmLfhqok2wlV9Ol0E55Wa4yQ9k=
github.com/dnb-org/debug v1.3.0/go.mod h1:0z/MDK1qgyqHmMM8mSrexsoPSTpJgIsNu3r6nw5zHAU=
github.com/sunt-programator/CodeIT v0.1.2 h1:eX7mPEMP+fWWIyKAm3gpM0HYxue9d1OSXqLPSekJ1u4=
github.com/sunt-programator/CodeIT v0.1.2/go.mod h1:2SvxhSLzl0zKv9OynuFqwv7RWwi2ADghwJlcy93EwgM=
