github.com/dnb-hugo/debugprint v1.0.14 h1:q8/sO0slKTdHCUpKQ7ds3CYxW+Quq8OENT6mtUkPlEk=
github.com/dnb-hugo/debugprint v1.0.14/go.mod h1:YMvTiP34ADcKHOtCpjeIuzfDyXrh0mSKvfjVt/WXpLM=
github.com/kaushalmodi/hugo-debugprint v0.0.0-20201009173613-d875fcafa822 h1:OaGE9ajMsBea9qiLeKs1ec+nYJ/1JuNYhP/X7f3a0b4=
github.com/kaushalmodi/hugo-debugprint v0.0.0-20201009173613-d875fcafa822/go.mod h1:vusrDLlGE+4Uc1b4PgM0dI8lJCEqC1o7NjFr8WIfkaQ=
github.com/sunt-programator/CodeIT v0.1.2 h1:eX7mPEMP+fWWIyKAm3gpM0HYxue9d1OSXqLPSekJ1u4=
github.com/sunt-programator/CodeIT v0.1.2/go.mod h1:2SvxhSLzl0zKv9OynuFqwv7RWwi2ADghwJlcy93EwgM=
