# THIS IS AN AUTOGENERATED FILE. DO NOT EDIT THIS FILE DIRECTLY.
# yarn lockfile v1


"@babel/cli@^7.2.0":
  "version" "7.15.7"
  dependencies:
    "commander" "^4.0.1"
    "convert-source-map" "^1.1.0"
    "fs-readdir-recursive" "^1.1.0"
    "glob" "^7.0.0"
    "make-dir" "^2.1.0"
    "slash" "^2.0.0"
    "source-map" "^0.5.0"
  optionalDependencies:
    "@nicolo-ribaudo/chokidar-2" "2.1.8-no-fsevents.3"
    "chokidar" "^3.4.0"

"@babel/code-frame@^7.14.5", "@babel/code-frame@^7.15.8":
  "version" "7.15.8"
  dependencies:
    "@babel/highlight" "^7.14.5"

"@babel/compat-data@^7.13.11", "@babel/compat-data@^7.15.0":
  "version" "7.15.0"

"@babel/core@^7.0.0", "@babel/core@^7.0.0-0", "@babel/core@^7.12.0", "@babel/core@^7.13.0", "@babel/core@^7.2.0", "@babel/core@^7.4.0-0":
  "version" "7.15.8"
  dependencies:
    "@babel/code-frame" "^7.15.8"
    "@babel/generator" "^7.15.8"
    "@babel/helper-compilation-targets" "^7.15.4"
    "@babel/helper-module-transforms" "^7.15.8"
    "@babel/helpers" "^7.15.4"
    "@babel/parser" "^7.15.8"
    "@babel/template" "^7.15.4"
    "@babel/traverse" "^7.15.4"
    "@babel/types" "^7.15.6"
    "convert-source-map" "^1.7.0"
    "debug" "^4.1.0"
    "gensync" "^1.0.0-beta.2"
    "json5" "^2.1.2"
    "semver" "^6.3.0"
    "source-map" "^0.5.0"

"@babel/generator@^7.15.4", "@babel/generator@^7.15.8":
  "version" "7.15.8"
  dependencies:
    "@babel/types" "^7.15.6"
    "jsesc" "^2.5.1"
    "source-map" "^0.5.0"

"@babel/helper-annotate-as-pure@^7.14.5", "@babel/helper-annotate-as-pure@^7.15.4":
  "version" "7.15.4"
  dependencies:
    "@babel/types" "^7.15.4"

"@babel/helper-builder-binary-assignment-operator-visitor@^7.14.5":
  "version" "7.15.4"
  dependencies:
    "@babel/helper-explode-assignable-expression" "^7.15.4"
    "@babel/types" "^7.15.4"

"@babel/helper-compilation-targets@^7.13.0", "@babel/helper-compilation-targets@^7.15.4":
  "version" "7.15.4"
  dependencies:
    "@babel/compat-data" "^7.15.0"
    "@babel/helper-validator-option" "^7.14.5"
    "browserslist" "^4.16.6"
    "semver" "^6.3.0"

"@babel/helper-create-class-features-plugin@^7.14.5", "@babel/helper-create-class-features-plugin@^7.15.4":
  "version" "7.15.4"
  dependencies:
    "@babel/helper-annotate-as-pure" "^7.15.4"
    "@babel/helper-function-name" "^7.15.4"
    "@babel/helper-member-expression-to-functions" "^7.15.4"
    "@babel/helper-optimise-call-expression" "^7.15.4"
    "@babel/helper-replace-supers" "^7.15.4"
    "@babel/helper-split-export-declaration" "^7.15.4"

"@babel/helper-create-regexp-features-plugin@^7.14.5":
  "version" "7.14.5"
  dependencies:
    "@babel/helper-annotate-as-pure" "^7.14.5"
    "regexpu-core" "^4.7.1"

"@babel/helper-define-polyfill-provider@^0.2.2":
  "version" "0.2.3"
  dependencies:
    "@babel/helper-compilation-targets" "^7.13.0"
    "@babel/helper-module-imports" "^7.12.13"
    "@babel/helper-plugin-utils" "^7.13.0"
    "@babel/traverse" "^7.13.0"
    "debug" "^4.1.1"
    "lodash.debounce" "^4.0.8"
    "resolve" "^1.14.2"
    "semver" "^6.1.2"

"@babel/helper-explode-assignable-expression@^7.15.4":
  "version" "7.15.4"
  dependencies:
    "@babel/types" "^7.15.4"

"@babel/helper-function-name@^7.14.5", "@babel/helper-function-name@^7.15.4":
  "version" "7.15.4"
  dependencies:
    "@babel/helper-get-function-arity" "^7.15.4"
    "@babel/template" "^7.15.4"
    "@babel/types" "^7.15.4"

"@babel/helper-get-function-arity@^7.15.4":
  "version" "7.15.4"
  dependencies:
    "@babel/types" "^7.15.4"

"@babel/helper-hoist-variables@^7.15.4":
  "version" "7.15.4"
  dependencies:
    "@babel/types" "^7.15.4"

"@babel/helper-member-expression-to-functions@^7.15.4":
  "version" "7.15.4"
  dependencies:
    "@babel/types" "^7.15.4"

"@babel/helper-module-imports@^7.12.13", "@babel/helper-module-imports@^7.14.5", "@babel/helper-module-imports@^7.15.4":
  "version" "7.15.4"
  dependencies:
    "@babel/types" "^7.15.4"

"@babel/helper-module-transforms@^7.14.5", "@babel/helper-module-transforms@^7.15.4", "@babel/helper-module-transforms@^7.15.8":
  "version" "7.15.8"
  dependencies:
    "@babel/helper-module-imports" "^7.15.4"
    "@babel/helper-replace-supers" "^7.15.4"
    "@babel/helper-simple-access" "^7.15.4"
    "@babel/helper-split-export-declaration" "^7.15.4"
    "@babel/helper-validator-identifier" "^7.15.7"
    "@babel/template" "^7.15.4"
    "@babel/traverse" "^7.15.4"
    "@babel/types" "^7.15.6"

"@babel/helper-optimise-call-expression@^7.15.4":
  "version" "7.15.4"
  dependencies:
    "@babel/types" "^7.15.4"

"@babel/helper-plugin-utils@^7.0.0", "@babel/helper-plugin-utils@^7.10.4", "@babel/helper-plugin-utils@^7.12.13", "@babel/helper-plugin-utils@^7.13.0", "@babel/helper-plugin-utils@^7.14.5", "@babel/helper-plugin-utils@^7.8.0", "@babel/helper-plugin-utils@^7.8.3":
  "version" "7.14.5"

"@babel/helper-remap-async-to-generator@^7.14.5", "@babel/helper-remap-async-to-generator@^7.15.4":
  "version" "7.15.4"
  dependencies:
    "@babel/helper-annotate-as-pure" "^7.15.4"
    "@babel/helper-wrap-function" "^7.15.4"
    "@babel/types" "^7.15.4"

"@babel/helper-replace-supers@^7.14.5", "@babel/helper-replace-supers@^7.15.4":
  "version" "7.15.4"
  dependencies:
    "@babel/helper-member-expression-to-functions" "^7.15.4"
    "@babel/helper-optimise-call-expression" "^7.15.4"
    "@babel/traverse" "^7.15.4"
    "@babel/types" "^7.15.4"

"@babel/helper-simple-access@^7.15.4":
  "version" "7.15.4"
  dependencies:
    "@babel/types" "^7.15.4"

"@babel/helper-skip-transparent-expression-wrappers@^7.14.5", "@babel/helper-skip-transparent-expression-wrappers@^7.15.4":
  "version" "7.15.4"
  dependencies:
    "@babel/types" "^7.15.4"

"@babel/helper-split-export-declaration@^7.15.4":
  "version" "7.15.4"
  dependencies:
    "@babel/types" "^7.15.4"

"@babel/helper-validator-identifier@^7.14.5", "@babel/helper-validator-identifier@^7.14.9", "@babel/helper-validator-identifier@^7.15.7":
  "version" "7.15.7"

"@babel/helper-validator-option@^7.14.5":
  "version" "7.14.5"

"@babel/helper-wrap-function@^7.15.4":
  "version" "7.15.4"
  dependencies:
    "@babel/helper-function-name" "^7.15.4"
    "@babel/template" "^7.15.4"
    "@babel/traverse" "^7.15.4"
    "@babel/types" "^7.15.4"

"@babel/helpers@^7.15.4":
  "version" "7.15.4"
  dependencies:
    "@babel/template" "^7.15.4"
    "@babel/traverse" "^7.15.4"
    "@babel/types" "^7.15.4"

"@babel/highlight@^7.14.5":
  "version" "7.14.5"
  dependencies:
    "@babel/helper-validator-identifier" "^7.14.5"
    "chalk" "^2.0.0"
    "js-tokens" "^4.0.0"

"@babel/parser@^7.15.4", "@babel/parser@^7.15.8":
  "version" "7.15.8"

"@babel/plugin-bugfix-v8-spread-parameters-in-optional-chaining@^7.15.4":
  "version" "7.15.4"
  dependencies:
    "@babel/helper-plugin-utils" "^7.14.5"
    "@babel/helper-skip-transparent-expression-wrappers" "^7.15.4"
    "@babel/plugin-proposal-optional-chaining" "^7.14.5"

"@babel/plugin-proposal-async-generator-functions@^7.15.8":
  "version" "7.15.8"
  dependencies:
    "@babel/helper-plugin-utils" "^7.14.5"
    "@babel/helper-remap-async-to-generator" "^7.15.4"
    "@babel/plugin-syntax-async-generators" "^7.8.4"

"@babel/plugin-proposal-class-properties@^7.14.5":
  "version" "7.14.5"
  dependencies:
    "@babel/helper-create-class-features-plugin" "^7.14.5"
    "@babel/helper-plugin-utils" "^7.14.5"

"@babel/plugin-proposal-class-static-block@^7.15.4":
  "version" "7.15.4"
  dependencies:
    "@babel/helper-create-class-features-plugin" "^7.15.4"
    "@babel/helper-plugin-utils" "^7.14.5"
    "@babel/plugin-syntax-class-static-block" "^7.14.5"

"@babel/plugin-proposal-dynamic-import@^7.14.5":
  "version" "7.14.5"
  dependencies:
    "@babel/helper-plugin-utils" "^7.14.5"
    "@babel/plugin-syntax-dynamic-import" "^7.8.3"

"@babel/plugin-proposal-export-namespace-from@^7.14.5":
  "version" "7.14.5"
  dependencies:
    "@babel/helper-plugin-utils" "^7.14.5"
    "@babel/plugin-syntax-export-namespace-from" "^7.8.3"

"@babel/plugin-proposal-json-strings@^7.14.5":
  "version" "7.14.5"
  dependencies:
    "@babel/helper-plugin-utils" "^7.14.5"
    "@babel/plugin-syntax-json-strings" "^7.8.3"

"@babel/plugin-proposal-logical-assignment-operators@^7.14.5":
  "version" "7.14.5"
  dependencies:
    "@babel/helper-plugin-utils" "^7.14.5"
    "@babel/plugin-syntax-logical-assignment-operators" "^7.10.4"

"@babel/plugin-proposal-nullish-coalescing-operator@^7.14.5":
  "version" "7.14.5"
  dependencies:
    "@babel/helper-plugin-utils" "^7.14.5"
    "@babel/plugin-syntax-nullish-coalescing-operator" "^7.8.3"

"@babel/plugin-proposal-numeric-separator@^7.14.5":
  "version" "7.14.5"
  dependencies:
    "@babel/helper-plugin-utils" "^7.14.5"
    "@babel/plugin-syntax-numeric-separator" "^7.10.4"

"@babel/plugin-proposal-object-rest-spread@^7.15.6":
  "version" "7.15.6"
  dependencies:
    "@babel/compat-data" "^7.15.0"
    "@babel/helper-compilation-targets" "^7.15.4"
    "@babel/helper-plugin-utils" "^7.14.5"
    "@babel/plugin-syntax-object-rest-spread" "^7.8.3"
    "@babel/plugin-transform-parameters" "^7.15.4"

"@babel/plugin-proposal-optional-catch-binding@^7.14.5":
  "version" "7.14.5"
  dependencies:
    "@babel/helper-plugin-utils" "^7.14.5"
    "@babel/plugin-syntax-optional-catch-binding" "^7.8.3"

"@babel/plugin-proposal-optional-chaining@^7.14.5":
  "version" "7.14.5"
  dependencies:
    "@babel/helper-plugin-utils" "^7.14.5"
    "@babel/helper-skip-transparent-expression-wrappers" "^7.14.5"
    "@babel/plugin-syntax-optional-chaining" "^7.8.3"

"@babel/plugin-proposal-private-methods@^7.14.5":
  "version" "7.14.5"
  dependencies:
    "@babel/helper-create-class-features-plugin" "^7.14.5"
    "@babel/helper-plugin-utils" "^7.14.5"

"@babel/plugin-proposal-private-property-in-object@^7.15.4":
  "version" "7.15.4"
  dependencies:
    "@babel/helper-annotate-as-pure" "^7.15.4"
    "@babel/helper-create-class-features-plugin" "^7.15.4"
    "@babel/helper-plugin-utils" "^7.14.5"
    "@babel/plugin-syntax-private-property-in-object" "^7.14.5"

"@babel/plugin-proposal-unicode-property-regex@^7.14.5", "@babel/plugin-proposal-unicode-property-regex@^7.4.4":
  "version" "7.14.5"
  dependencies:
    "@babel/helper-create-regexp-features-plugin" "^7.14.5"
    "@babel/helper-plugin-utils" "^7.14.5"

"@babel/plugin-syntax-async-generators@^7.8.4":
  "version" "7.8.4"
  dependencies:
    "@babel/helper-plugin-utils" "^7.8.0"

"@babel/plugin-syntax-class-properties@^7.12.13":
  "version" "7.12.13"
  dependencies:
    "@babel/helper-plugin-utils" "^7.12.13"

"@babel/plugin-syntax-class-static-block@^7.14.5":
  "version" "7.14.5"
  dependencies:
    "@babel/helper-plugin-utils" "^7.14.5"

"@babel/plugin-syntax-dynamic-import@^7.8.3":
  "version" "7.8.3"
  dependencies:
    "@babel/helper-plugin-utils" "^7.8.0"

"@babel/plugin-syntax-export-namespace-from@^7.8.3":
  "version" "7.8.3"
  dependencies:
    "@babel/helper-plugin-utils" "^7.8.3"

"@babel/plugin-syntax-json-strings@^7.8.3":
  "version" "7.8.3"
  dependencies:
    "@babel/helper-plugin-utils" "^7.8.0"

"@babel/plugin-syntax-logical-assignment-operators@^7.10.4":
  "version" "7.10.4"
  dependencies:
    "@babel/helper-plugin-utils" "^7.10.4"

"@babel/plugin-syntax-nullish-coalescing-operator@^7.8.3":
  "version" "7.8.3"
  dependencies:
    "@babel/helper-plugin-utils" "^7.8.0"

"@babel/plugin-syntax-numeric-separator@^7.10.4":
  "version" "7.10.4"
  dependencies:
    "@babel/helper-plugin-utils" "^7.10.4"

"@babel/plugin-syntax-object-rest-spread@^7.8.3":
  "version" "7.8.3"
  dependencies:
    "@babel/helper-plugin-utils" "^7.8.0"

"@babel/plugin-syntax-optional-catch-binding@^7.8.3":
  "version" "7.8.3"
  dependencies:
    "@babel/helper-plugin-utils" "^7.8.0"

"@babel/plugin-syntax-optional-chaining@^7.8.3":
  "version" "7.8.3"
  dependencies:
    "@babel/helper-plugin-utils" "^7.8.0"

"@babel/plugin-syntax-private-property-in-object@^7.14.5":
  "version" "7.14.5"
  dependencies:
    "@babel/helper-plugin-utils" "^7.14.5"

"@babel/plugin-syntax-top-level-await@^7.14.5":
  "version" "7.14.5"
  dependencies:
    "@babel/helper-plugin-utils" "^7.14.5"

"@babel/plugin-transform-arrow-functions@^7.14.5":
  "version" "7.14.5"
  dependencies:
    "@babel/helper-plugin-utils" "^7.14.5"

"@babel/plugin-transform-async-to-generator@^7.14.5":
  "version" "7.14.5"
  dependencies:
    "@babel/helper-module-imports" "^7.14.5"
    "@babel/helper-plugin-utils" "^7.14.5"
    "@babel/helper-remap-async-to-generator" "^7.14.5"

"@babel/plugin-transform-block-scoped-functions@^7.14.5":
  "version" "7.14.5"
  dependencies:
    "@babel/helper-plugin-utils" "^7.14.5"

"@babel/plugin-transform-block-scoping@^7.15.3":
  "version" "7.15.3"
  dependencies:
    "@babel/helper-plugin-utils" "^7.14.5"

"@babel/plugin-transform-classes@^7.15.4":
  "version" "7.15.4"
  dependencies:
    "@babel/helper-annotate-as-pure" "^7.15.4"
    "@babel/helper-function-name" "^7.15.4"
    "@babel/helper-optimise-call-expression" "^7.15.4"
    "@babel/helper-plugin-utils" "^7.14.5"
    "@babel/helper-replace-supers" "^7.15.4"
    "@babel/helper-split-export-declaration" "^7.15.4"
    "globals" "^11.1.0"

"@babel/plugin-transform-computed-properties@^7.14.5":
  "version" "7.14.5"
  dependencies:
    "@babel/helper-plugin-utils" "^7.14.5"

"@babel/plugin-transform-destructuring@^7.14.7":
  "version" "7.14.7"
  dependencies:
    "@babel/helper-plugin-utils" "^7.14.5"

"@babel/plugin-transform-dotall-regex@^7.14.5", "@babel/plugin-transform-dotall-regex@^7.4.4":
  "version" "7.14.5"
  dependencies:
    "@babel/helper-create-regexp-features-plugin" "^7.14.5"
    "@babel/helper-plugin-utils" "^7.14.5"

"@babel/plugin-transform-duplicate-keys@^7.14.5":
  "version" "7.14.5"
  dependencies:
    "@babel/helper-plugin-utils" "^7.14.5"

"@babel/plugin-transform-exponentiation-operator@^7.14.5":
  "version" "7.14.5"
  dependencies:
    "@babel/helper-builder-binary-assignment-operator-visitor" "^7.14.5"
    "@babel/helper-plugin-utils" "^7.14.5"

"@babel/plugin-transform-for-of@^7.15.4":
  "version" "7.15.4"
  dependencies:
    "@babel/helper-plugin-utils" "^7.14.5"

"@babel/plugin-transform-function-name@^7.14.5":
  "version" "7.14.5"
  dependencies:
    "@babel/helper-function-name" "^7.14.5"
    "@babel/helper-plugin-utils" "^7.14.5"

"@babel/plugin-transform-literals@^7.14.5":
  "version" "7.14.5"
  dependencies:
    "@babel/helper-plugin-utils" "^7.14.5"

"@babel/plugin-transform-member-expression-literals@^7.14.5":
  "version" "7.14.5"
  dependencies:
    "@babel/helper-plugin-utils" "^7.14.5"

"@babel/plugin-transform-modules-amd@^7.14.5":
  "version" "7.14.5"
  dependencies:
    "@babel/helper-module-transforms" "^7.14.5"
    "@babel/helper-plugin-utils" "^7.14.5"
    "babel-plugin-dynamic-import-node" "^2.3.3"

"@babel/plugin-transform-modules-commonjs@^7.15.4":
  "version" "7.15.4"
  dependencies:
    "@babel/helper-module-transforms" "^7.15.4"
    "@babel/helper-plugin-utils" "^7.14.5"
    "@babel/helper-simple-access" "^7.15.4"
    "babel-plugin-dynamic-import-node" "^2.3.3"

"@babel/plugin-transform-modules-systemjs@^7.15.4":
  "version" "7.15.4"
  dependencies:
    "@babel/helper-hoist-variables" "^7.15.4"
    "@babel/helper-module-transforms" "^7.15.4"
    "@babel/helper-plugin-utils" "^7.14.5"
    "@babel/helper-validator-identifier" "^7.14.9"
    "babel-plugin-dynamic-import-node" "^2.3.3"

"@babel/plugin-transform-modules-umd@^7.14.5":
  "version" "7.14.5"
  dependencies:
    "@babel/helper-module-transforms" "^7.14.5"
    "@babel/helper-plugin-utils" "^7.14.5"

"@babel/plugin-transform-named-capturing-groups-regex@^7.14.9":
  "version" "7.14.9"
  dependencies:
    "@babel/helper-create-regexp-features-plugin" "^7.14.5"

"@babel/plugin-transform-new-target@^7.14.5":
  "version" "7.14.5"
  dependencies:
    "@babel/helper-plugin-utils" "^7.14.5"

"@babel/plugin-transform-object-super@^7.14.5":
  "version" "7.14.5"
  dependencies:
    "@babel/helper-plugin-utils" "^7.14.5"
    "@babel/helper-replace-supers" "^7.14.5"

"@babel/plugin-transform-parameters@^7.15.4":
  "version" "7.15.4"
  dependencies:
    "@babel/helper-plugin-utils" "^7.14.5"

"@babel/plugin-transform-property-literals@^7.14.5":
  "version" "7.14.5"
  dependencies:
    "@babel/helper-plugin-utils" "^7.14.5"

"@babel/plugin-transform-regenerator@^7.14.5":
  "version" "7.14.5"
  dependencies:
    "regenerator-transform" "^0.14.2"

"@babel/plugin-transform-reserved-words@^7.14.5":
  "version" "7.14.5"
  dependencies:
    "@babel/helper-plugin-utils" "^7.14.5"

"@babel/plugin-transform-runtime@^7.2.0":
  "version" "7.15.8"
  dependencies:
    "@babel/helper-module-imports" "^7.15.4"
    "@babel/helper-plugin-utils" "^7.14.5"
    "babel-plugin-polyfill-corejs2" "^0.2.2"
    "babel-plugin-polyfill-corejs3" "^0.2.5"
    "babel-plugin-polyfill-regenerator" "^0.2.2"
    "semver" "^6.3.0"

"@babel/plugin-transform-shorthand-properties@^7.14.5":
  "version" "7.14.5"
  dependencies:
    "@babel/helper-plugin-utils" "^7.14.5"

"@babel/plugin-transform-spread@^7.15.8":
  "version" "7.15.8"
  dependencies:
    "@babel/helper-plugin-utils" "^7.14.5"
    "@babel/helper-skip-transparent-expression-wrappers" "^7.15.4"

"@babel/plugin-transform-sticky-regex@^7.14.5":
  "version" "7.14.5"
  dependencies:
    "@babel/helper-plugin-utils" "^7.14.5"

"@babel/plugin-transform-template-literals@^7.14.5":
  "version" "7.14.5"
  dependencies:
    "@babel/helper-plugin-utils" "^7.14.5"

"@babel/plugin-transform-typeof-symbol@^7.14.5":
  "version" "7.14.5"
  dependencies:
    "@babel/helper-plugin-utils" "^7.14.5"

"@babel/plugin-transform-unicode-escapes@^7.14.5":
  "version" "7.14.5"
  dependencies:
    "@babel/helper-plugin-utils" "^7.14.5"

"@babel/plugin-transform-unicode-regex@^7.14.5":
  "version" "7.14.5"
  dependencies:
    "@babel/helper-create-regexp-features-plugin" "^7.14.5"
    "@babel/helper-plugin-utils" "^7.14.5"

"@babel/polyfill@^7.0.0":
  "version" "7.12.1"
  dependencies:
    "core-js" "^2.6.5"
    "regenerator-runtime" "^0.13.4"

"@babel/preset-env@^7.2.0":
  "version" "7.15.8"
  dependencies:
    "@babel/compat-data" "^7.15.0"
    "@babel/helper-compilation-targets" "^7.15.4"
    "@babel/helper-plugin-utils" "^7.14.5"
    "@babel/helper-validator-option" "^7.14.5"
    "@babel/plugin-bugfix-v8-spread-parameters-in-optional-chaining" "^7.15.4"
    "@babel/plugin-proposal-async-generator-functions" "^7.15.8"
    "@babel/plugin-proposal-class-properties" "^7.14.5"
    "@babel/plugin-proposal-class-static-block" "^7.15.4"
    "@babel/plugin-proposal-dynamic-import" "^7.14.5"
    "@babel/plugin-proposal-export-namespace-from" "^7.14.5"
    "@babel/plugin-proposal-json-strings" "^7.14.5"
    "@babel/plugin-proposal-logical-assignment-operators" "^7.14.5"
    "@babel/plugin-proposal-nullish-coalescing-operator" "^7.14.5"
    "@babel/plugin-proposal-numeric-separator" "^7.14.5"
    "@babel/plugin-proposal-object-rest-spread" "^7.15.6"
    "@babel/plugin-proposal-optional-catch-binding" "^7.14.5"
    "@babel/plugin-proposal-optional-chaining" "^7.14.5"
    "@babel/plugin-proposal-private-methods" "^7.14.5"
    "@babel/plugin-proposal-private-property-in-object" "^7.15.4"
    "@babel/plugin-proposal-unicode-property-regex" "^7.14.5"
    "@babel/plugin-syntax-async-generators" "^7.8.4"
    "@babel/plugin-syntax-class-properties" "^7.12.13"
    "@babel/plugin-syntax-class-static-block" "^7.14.5"
    "@babel/plugin-syntax-dynamic-import" "^7.8.3"
    "@babel/plugin-syntax-export-namespace-from" "^7.8.3"
    "@babel/plugin-syntax-json-strings" "^7.8.3"
    "@babel/plugin-syntax-logical-assignment-operators" "^7.10.4"
    "@babel/plugin-syntax-nullish-coalescing-operator" "^7.8.3"
    "@babel/plugin-syntax-numeric-separator" "^7.10.4"
    "@babel/plugin-syntax-object-rest-spread" "^7.8.3"
    "@babel/plugin-syntax-optional-catch-binding" "^7.8.3"
    "@babel/plugin-syntax-optional-chaining" "^7.8.3"
    "@babel/plugin-syntax-private-property-in-object" "^7.14.5"
    "@babel/plugin-syntax-top-level-await" "^7.14.5"
    "@babel/plugin-transform-arrow-functions" "^7.14.5"
    "@babel/plugin-transform-async-to-generator" "^7.14.5"
    "@babel/plugin-transform-block-scoped-functions" "^7.14.5"
    "@babel/plugin-transform-block-scoping" "^7.15.3"
    "@babel/plugin-transform-classes" "^7.15.4"
    "@babel/plugin-transform-computed-properties" "^7.14.5"
    "@babel/plugin-transform-destructuring" "^7.14.7"
    "@babel/plugin-transform-dotall-regex" "^7.14.5"
    "@babel/plugin-transform-duplicate-keys" "^7.14.5"
    "@babel/plugin-transform-exponentiation-operator" "^7.14.5"
    "@babel/plugin-transform-for-of" "^7.15.4"
    "@babel/plugin-transform-function-name" "^7.14.5"
    "@babel/plugin-transform-literals" "^7.14.5"
    "@babel/plugin-transform-member-expression-literals" "^7.14.5"
    "@babel/plugin-transform-modules-amd" "^7.14.5"
    "@babel/plugin-transform-modules-commonjs" "^7.15.4"
    "@babel/plugin-transform-modules-systemjs" "^7.15.4"
    "@babel/plugin-transform-modules-umd" "^7.14.5"
    "@babel/plugin-transform-named-capturing-groups-regex" "^7.14.9"
    "@babel/plugin-transform-new-target" "^7.14.5"
    "@babel/plugin-transform-object-super" "^7.14.5"
    "@babel/plugin-transform-parameters" "^7.15.4"
    "@babel/plugin-transform-property-literals" "^7.14.5"
    "@babel/plugin-transform-regenerator" "^7.14.5"
    "@babel/plugin-transform-reserved-words" "^7.14.5"
    "@babel/plugin-transform-shorthand-properties" "^7.14.5"
    "@babel/plugin-transform-spread" "^7.15.8"
    "@babel/plugin-transform-sticky-regex" "^7.14.5"
    "@babel/plugin-transform-template-literals" "^7.14.5"
    "@babel/plugin-transform-typeof-symbol" "^7.14.5"
    "@babel/plugin-transform-unicode-escapes" "^7.14.5"
    "@babel/plugin-transform-unicode-regex" "^7.14.5"
    "@babel/preset-modules" "^0.1.4"
    "@babel/types" "^7.15.6"
    "babel-plugin-polyfill-corejs2" "^0.2.2"
    "babel-plugin-polyfill-corejs3" "^0.2.5"
    "babel-plugin-polyfill-regenerator" "^0.2.2"
    "core-js-compat" "^3.16.0"
    "semver" "^6.3.0"

"@babel/preset-modules@^0.1.4":
  "version" "0.1.5"
  dependencies:
    "@babel/helper-plugin-utils" "^7.0.0"
    "@babel/plugin-proposal-unicode-property-regex" "^7.4.4"
    "@babel/plugin-transform-dotall-regex" "^7.4.4"
    "@babel/types" "^7.4.4"
    "esutils" "^2.0.2"

"@babel/runtime@^7.2.0", "@babel/runtime@^7.8.4":
  "version" "7.15.4"
  dependencies:
    "regenerator-runtime" "^0.13.4"

"@babel/template@^7.15.4":
  "version" "7.15.4"
  dependencies:
    "@babel/code-frame" "^7.14.5"
    "@babel/parser" "^7.15.4"
    "@babel/types" "^7.15.4"

"@babel/traverse@^7.13.0", "@babel/traverse@^7.15.4":
  "version" "7.15.4"
  dependencies:
    "@babel/code-frame" "^7.14.5"
    "@babel/generator" "^7.15.4"
    "@babel/helper-function-name" "^7.15.4"
    "@babel/helper-hoist-variables" "^7.15.4"
    "@babel/helper-split-export-declaration" "^7.15.4"
    "@babel/parser" "^7.15.4"
    "@babel/types" "^7.15.4"
    "debug" "^4.1.0"
    "globals" "^11.1.0"

"@babel/types@^7.15.4", "@babel/types@^7.15.6", "@babel/types@^7.4.4":
  "version" "7.15.6"
  dependencies:
    "@babel/helper-validator-identifier" "^7.14.9"
    "to-fast-properties" "^2.0.0"

"@nicolo-ribaudo/chokidar-2@2.1.8-no-fsevents.3":
  "version" "2.1.8-no-fsevents.3"

"@nodelib/fs.scandir@2.1.5":
  "version" "2.1.5"
  dependencies:
    "@nodelib/fs.stat" "2.0.5"
    "run-parallel" "^1.1.9"

"@nodelib/fs.stat@^2.0.2", "@nodelib/fs.stat@2.0.5":
  "version" "2.0.5"

"@nodelib/fs.walk@^1.2.3":
  "version" "1.2.8"
  dependencies:
    "@nodelib/fs.scandir" "2.1.5"
    "fastq" "^1.6.0"

"@remy/webmention@^1.4.5":
  "version" "1.4.5"
  dependencies:
    "cheerio" "0.22.0"
    "clui" "^0.3.6"
    "decodeuricomponent" "^0.3.1"
    "follow-redirects" "^1.7.0"
    "li" "^1.3.0"
    "microformat-node" "^2.0.1"
    "ms" "^2.1.2"
    "node-fetch" "^2.6.0"
    "optimist" "^0.6.1"
    "rss-parser" "^3.7.0"
    "uuid" "^3.3.2"

"@types/glob@^7.1.1":
  "version" "7.2.0"
  dependencies:
    "@types/minimatch" "*"
    "@types/node" "*"

"@types/minimatch@*":
  "version" "3.0.5"

"@types/node@*":
  "version" "16.11.6"

"agentkeepalive@^2.2.0":
  "version" "2.2.0"

"algoliasearch@^3.24.9":
  "version" "3.35.1"
  dependencies:
    "agentkeepalive" "^2.2.0"
    "debug" "^2.6.9"
    "envify" "^4.0.0"
    "es6-promise" "^4.1.0"
    "events" "^1.1.0"
    "foreach" "^2.0.5"
    "global" "^4.3.2"
    "inherits" "^2.0.1"
    "isarray" "^2.0.1"
    "load-script" "^1.0.0"
    "object-keys" "^1.0.11"
    "querystring-es3" "^0.2.1"
    "reduce" "^1.0.1"
    "semver" "^5.1.0"
    "tunnel-agent" "^0.6.0"

"ansi-styles@^3.2.1":
  "version" "3.2.1"
  dependencies:
    "color-convert" "^1.9.0"

"anymatch@~3.1.2":
  "version" "3.1.2"
  dependencies:
    "normalize-path" "^3.0.0"
    "picomatch" "^2.0.4"

"argparse@^2.0.1":
  "version" "2.0.1"

"array-union@^2.1.0":
  "version" "2.1.0"

"atomic-algolia@^0.3.19":
  "version" "0.3.19"
  dependencies:
    "@babel/cli" "^7.2.0"
    "@babel/core" "^7.2.0"
    "@babel/plugin-transform-runtime" "^7.2.0"
    "@babel/polyfill" "^7.0.0"
    "@babel/preset-env" "^7.2.0"
    "@babel/runtime" "^7.2.0"
    "algoliasearch" "^3.24.9"
    "chalk" "^2.3.0"
    "debug" "^4.1.0"
    "dotenv" "^5.0.0"
    "md5" "^2.2.1"

"babel-plugin-dynamic-import-node@^2.3.3":
  "version" "2.3.3"
  dependencies:
    "object.assign" "^4.1.0"

"babel-plugin-polyfill-corejs2@^0.2.2":
  "version" "0.2.2"
  dependencies:
    "@babel/compat-data" "^7.13.11"
    "@babel/helper-define-polyfill-provider" "^0.2.2"
    "semver" "^6.1.1"

"babel-plugin-polyfill-corejs3@^0.2.5":
  "version" "0.2.5"
  dependencies:
    "@babel/helper-define-polyfill-provider" "^0.2.2"
    "core-js-compat" "^3.16.2"

"babel-plugin-polyfill-regenerator@^0.2.2":
  "version" "0.2.2"
  dependencies:
    "@babel/helper-define-polyfill-provider" "^0.2.2"

"balanced-match@^1.0.0":
  "version" "1.0.2"

"binary-extensions@^2.0.0":
  "version" "2.2.0"

"bluebird@3.4.x":
  "version" "3.4.7"

"boolbase@~1.0.0":
  "version" "1.0.0"

"brace-expansion@^1.1.7":
  "version" "1.1.11"
  dependencies:
    "balanced-match" "^1.0.0"
    "concat-map" "0.0.1"

"braces@^3.0.1", "braces@~3.0.2":
  "version" "3.0.2"
  dependencies:
    "fill-range" "^7.0.1"

"browserslist@^4.16.6", "browserslist@^4.17.5":
  "version" "4.17.5"
  dependencies:
    "caniuse-lite" "^1.0.30001271"
    "electron-to-chromium" "^1.3.878"
    "escalade" "^3.1.1"
    "node-releases" "^2.0.1"
    "picocolors" "^1.0.0"

"call-bind@^1.0.0":
  "version" "1.0.2"
  dependencies:
    "function-bind" "^1.1.1"
    "get-intrinsic" "^1.0.2"

"caniuse-lite@^1.0.30001271":
  "version" "1.0.30001271"

"chalk@^2.0.0", "chalk@^2.3.0", "chalk@2.4.2":
  "version" "2.4.2"
  dependencies:
    "ansi-styles" "^3.2.1"
    "escape-string-regexp" "^1.0.5"
    "supports-color" "^5.3.0"

"charenc@0.0.2":
  "version" "0.0.2"

"cheerio@0.22.0", "cheerio@0.22.x":
  "version" "0.22.0"
  dependencies:
    "css-select" "~1.2.0"
    "dom-serializer" "~0.1.0"
    "entities" "~1.1.1"
    "htmlparser2" "^3.9.1"
    "lodash.assignin" "^4.0.9"
    "lodash.bind" "^4.1.4"
    "lodash.defaults" "^4.0.1"
    "lodash.filter" "^4.4.0"
    "lodash.flatten" "^4.2.0"
    "lodash.foreach" "^4.3.0"
    "lodash.map" "^4.4.0"
    "lodash.merge" "^4.4.0"
    "lodash.pick" "^4.2.1"
    "lodash.reduce" "^4.4.0"
    "lodash.reject" "^4.4.0"
    "lodash.some" "^4.4.0"

"chokidar@^3.4.0":
  "version" "3.5.2"
  dependencies:
    "anymatch" "~3.1.2"
    "braces" "~3.0.2"
    "glob-parent" "~5.1.2"
    "is-binary-path" "~2.1.0"
    "is-glob" "~4.0.1"
    "normalize-path" "~3.0.0"
    "readdirp" "~3.6.0"
  optionalDependencies:
    "fsevents" "~2.3.2"

"cli-color@0.3.2":
  "version" "0.3.2"
  dependencies:
    "d" "~0.1.1"
    "es5-ext" "~0.10.2"
    "memoizee" "0.3.x"
    "timers-ext" "0.1.x"

"clui@^0.3.6":
  "version" "0.3.6"
  dependencies:
    "cli-color" "0.3.2"

"color-convert@^1.9.0":
  "version" "1.9.3"
  dependencies:
    "color-name" "1.1.3"

"color-name@1.1.3":
  "version" "1.1.3"

"commander@^4.0.1":
  "version" "4.1.1"

"commander@3.0.1":
  "version" "3.0.1"

"concat-map@0.0.1":
  "version" "0.0.1"

"convert-source-map@^1.1.0", "convert-source-map@^1.7.0":
  "version" "1.8.0"
  dependencies:
    "safe-buffer" "~5.1.1"

"core-js-compat@^3.16.0", "core-js-compat@^3.16.2":
  "version" "3.19.0"
  dependencies:
    "browserslist" "^4.17.5"
    "semver" "7.0.0"

"core-js@^2.6.5":
  "version" "2.6.12"

"cross-spawn@^6.0.5":
  "version" "6.0.5"
  dependencies:
    "nice-try" "^1.0.4"
    "path-key" "^2.0.1"
    "semver" "^5.5.0"
    "shebang-command" "^1.2.0"
    "which" "^1.2.9"

"crypt@0.0.2":
  "version" "0.0.2"

"css-select@~1.2.0":
  "version" "1.2.0"
  dependencies:
    "boolbase" "~1.0.0"
    "css-what" "2.1"
    "domutils" "1.5.1"
    "nth-check" "~1.0.1"

"css-what@2.1":
  "version" "2.1.3"

"d@^1.0.1":
  "version" "1.0.1"
  dependencies:
    "es5-ext" "^0.10.50"
    "type" "^1.0.1"

"d@~0.1.1":
  "version" "0.1.1"
  dependencies:
    "es5-ext" "~0.10.2"

"d@1":
  "version" "1.0.1"
  dependencies:
    "es5-ext" "^0.10.50"
    "type" "^1.0.1"

"debug@^2.6.9":
  "version" "2.6.9"
  dependencies:
    "ms" "2.0.0"

"debug@^4.1.0", "debug@^4.1.1":
  "version" "4.3.2"
  dependencies:
    "ms" "2.1.2"

"decodeuricomponent@^0.3.1":
  "version" "0.3.1"
  dependencies:
    "iconv-lite" "^0.4.19"

"define-properties@^1.1.3":
  "version" "1.1.3"
  dependencies:
    "object-keys" "^1.0.12"

"dir-glob@^3.0.1":
  "version" "3.0.1"
  dependencies:
    "path-type" "^4.0.0"

"dom-serializer@~0.1.0":
  "version" "0.1.1"
  dependencies:
    "domelementtype" "^1.3.0"
    "entities" "^1.1.1"

"dom-serializer@0":
  "version" "0.2.2"
  dependencies:
    "domelementtype" "^2.0.1"
    "entities" "^2.0.0"

"dom-walk@^0.1.0":
  "version" "0.1.2"

"domelementtype@^1.3.0", "domelementtype@^1.3.1", "domelementtype@1":
  "version" "1.3.1"

"domelementtype@^2.0.1":
  "version" "2.2.0"

"domhandler@^2.3.0":
  "version" "2.4.2"
  dependencies:
    "domelementtype" "1"

"domutils@^1.5.1":
  "version" "1.7.0"
  dependencies:
    "dom-serializer" "0"
    "domelementtype" "1"

"domutils@1.5.1":
  "version" "1.5.1"
  dependencies:
    "dom-serializer" "0"
    "domelementtype" "1"

"dotenv@^5.0.0":
  "version" "5.0.1"

"dotenv@10.0.0":
  "version" "10.0.0"

"electron-to-chromium@^1.3.878":
  "version" "1.3.879"

"end-of-stream@^1.1.0":
  "version" "1.4.4"
  dependencies:
    "once" "^1.4.0"

"ent@^2.2.0":
  "version" "2.2.0"

"entities@^1.1.1", "entities@~1.1.1":
  "version" "1.1.2"

"entities@^2.0.0":
  "version" "2.2.0"

"entities@^2.0.3":
  "version" "2.2.0"

"entities@~2.1.0":
  "version" "2.1.0"

"envify@^4.0.0":
  "version" "4.1.0"
  dependencies:
    "esprima" "^4.0.0"
    "through" "~2.3.4"

"es5-ext@^0.10.35", "es5-ext@^0.10.50", "es5-ext@~0.10.11", "es5-ext@~0.10.14", "es5-ext@~0.10.2", "es5-ext@~0.10.46", "es5-ext@~0.10.5", "es5-ext@~0.10.6":
  "version" "0.10.53"
  dependencies:
    "es6-iterator" "~2.0.3"
    "es6-symbol" "~3.1.3"
    "next-tick" "~1.0.0"

"es6-iterator@~0.1.3":
  "version" "0.1.3"
  dependencies:
    "d" "~0.1.1"
    "es5-ext" "~0.10.5"
    "es6-symbol" "~2.0.1"

"es6-iterator@~2.0.3":
  "version" "2.0.3"
  dependencies:
    "d" "1"
    "es5-ext" "^0.10.35"
    "es6-symbol" "^3.1.1"

"es6-promise@^4.1.0":
  "version" "4.2.8"

"es6-symbol@^3.1.1", "es6-symbol@~3.1.3":
  "version" "3.1.3"
  dependencies:
    "d" "^1.0.1"
    "ext" "^1.1.2"

"es6-symbol@~2.0.1":
  "version" "2.0.1"
  dependencies:
    "d" "~0.1.1"
    "es5-ext" "~0.10.5"

"es6-weak-map@~0.1.4":
  "version" "0.1.4"
  dependencies:
    "d" "~0.1.1"
    "es5-ext" "~0.10.6"
    "es6-iterator" "~0.1.3"
    "es6-symbol" "~2.0.1"

"escalade@^3.1.1":
  "version" "3.1.1"

"escape-string-regexp@^1.0.5":
  "version" "1.0.5"

"esprima@^4.0.0":
  "version" "4.0.1"

"esutils@^2.0.2":
  "version" "2.0.3"

"event-emitter@~0.3.4":
  "version" "0.3.5"
  dependencies:
    "d" "1"
    "es5-ext" "~0.10.14"

"events@^1.1.0":
  "version" "1.1.1"

"execa@2.0.4":
  "version" "2.0.4"
  dependencies:
    "cross-spawn" "^6.0.5"
    "get-stream" "^5.0.0"
    "is-stream" "^2.0.0"
    "merge-stream" "^2.0.0"
    "npm-run-path" "^3.0.0"
    "onetime" "^5.1.0"
    "p-finally" "^2.0.0"
    "signal-exit" "^3.0.2"
    "strip-final-newline" "^2.0.0"

"ext@^1.1.2":
  "version" "1.6.0"
  dependencies:
    "type" "^2.5.0"

"fast-glob@^3.0.3", "fast-glob@^3.1.1":
  "version" "3.2.7"
  dependencies:
    "@nodelib/fs.stat" "^2.0.2"
    "@nodelib/fs.walk" "^1.2.3"
    "glob-parent" "^5.1.2"
    "merge2" "^1.3.0"
    "micromatch" "^4.0.4"

"fastq@^1.6.0":
  "version" "1.13.0"
  dependencies:
    "reusify" "^1.0.4"

"fill-range@^7.0.1":
  "version" "7.0.1"
  dependencies:
    "to-regex-range" "^5.0.1"

"follow-redirects@^1.7.0":
  "version" "1.14.4"

"foreach@^2.0.5":
  "version" "2.0.5"

"fs-extra@8.1.0":
  "version" "8.1.0"
  dependencies:
    "graceful-fs" "^4.2.0"
    "jsonfile" "^4.0.0"
    "universalify" "^0.1.0"

"fs-readdir-recursive@^1.1.0":
  "version" "1.1.0"

"fs.realpath@^1.0.0":
  "version" "1.0.0"

"function-bind@^1.1.1":
  "version" "1.1.1"

"gensync@^1.0.0-beta.2":
  "version" "1.0.0-beta.2"

"get-intrinsic@^1.0.2":
  "version" "1.1.1"
  dependencies:
    "function-bind" "^1.1.1"
    "has" "^1.0.3"
    "has-symbols" "^1.0.1"

"get-stream@^5.0.0":
  "version" "5.2.0"
  dependencies:
    "pump" "^3.0.0"

"glob-parent@^5.1.2", "glob-parent@~5.1.2":
  "version" "5.1.2"
  dependencies:
    "is-glob" "^4.0.1"

"glob@^7.0.0", "glob@^7.1.3":
  "version" "7.2.0"
  dependencies:
    "fs.realpath" "^1.0.0"
    "inflight" "^1.0.4"
    "inherits" "2"
    "minimatch" "^3.0.4"
    "once" "^1.3.0"
    "path-is-absolute" "^1.0.0"

"global@^4.3.2":
  "version" "4.4.0"
  dependencies:
    "min-document" "^2.19.0"
    "process" "^0.11.10"

"globals@^11.1.0":
  "version" "11.12.0"

"globby@~11.0.4":
  "version" "11.0.4"
  dependencies:
    "array-union" "^2.1.0"
    "dir-glob" "^3.0.1"
    "fast-glob" "^3.1.1"
    "ignore" "^5.1.4"
    "merge2" "^1.3.0"
    "slash" "^3.0.0"

"globby@10.0.1":
  "version" "10.0.1"
  dependencies:
    "@types/glob" "^7.1.1"
    "array-union" "^2.1.0"
    "dir-glob" "^3.0.1"
    "fast-glob" "^3.0.3"
    "glob" "^7.1.3"
    "ignore" "^5.1.1"
    "merge2" "^1.2.3"
    "slash" "^3.0.0"

"graceful-fs@^4.1.6", "graceful-fs@^4.2.0":
  "version" "4.2.8"

"has-flag@^3.0.0":
  "version" "3.0.0"

"has-symbols@^1.0.1":
  "version" "1.0.2"

"has@^1.0.3":
  "version" "1.0.3"
  dependencies:
    "function-bind" "^1.1.1"

"htmlparser2@^3.9.1":
  "version" "3.10.1"
  dependencies:
    "domelementtype" "^1.3.1"
    "domhandler" "^2.3.0"
    "domutils" "^1.5.1"
    "entities" "^1.1.1"
    "inherits" "^2.0.1"
    "readable-stream" "^3.1.1"

"iconv-lite@^0.4.19":
  "version" "0.4.24"
  dependencies:
    "safer-buffer" ">= 2.1.2 < 3"

"ignore@^5.1.1", "ignore@^5.1.4":
  "version" "5.1.8"

"imageoptim-cli@^3.0.2":
  "version" "3.0.2"
  dependencies:
    "chalk" "2.4.2"
    "commander" "3.0.1"
    "execa" "2.0.4"
    "fs-extra" "8.1.0"
    "globby" "10.0.1"
    "pretty-bytes" "5.3.0"

"inflight@^1.0.4":
  "version" "1.0.6"
  dependencies:
    "once" "^1.3.0"
    "wrappy" "1"

"inherits@^2.0.1", "inherits@^2.0.3", "inherits@2":
  "version" "2.0.4"

"is-binary-path@~2.1.0":
  "version" "2.1.0"
  dependencies:
    "binary-extensions" "^2.0.0"

"is-buffer@~1.1.6":
  "version" "1.1.6"

"is-core-module@^2.2.0":
  "version" "2.8.0"
  dependencies:
    "has" "^1.0.3"

"is-extglob@^2.1.1":
  "version" "2.1.1"

"is-glob@^4.0.1", "is-glob@~4.0.1":
  "version" "4.0.3"
  dependencies:
    "is-extglob" "^2.1.1"

"is-number@^7.0.0":
  "version" "7.0.0"

"is-stream@^2.0.0":
  "version" "2.0.1"

"isarray@^2.0.1":
  "version" "2.0.5"

"isexe@^2.0.0":
  "version" "2.0.0"

"js-tokens@^4.0.0":
  "version" "4.0.0"

"jsesc@^2.5.1":
  "version" "2.5.2"

"jsesc@~0.5.0":
  "version" "0.5.0"

"json5@^2.1.2":
  "version" "2.2.0"
  dependencies:
    "minimist" "^1.2.5"

"jsonfile@^4.0.0":
  "version" "4.0.0"
  optionalDependencies:
    "graceful-fs" "^4.1.6"

"li@^1.3.0":
  "version" "1.3.0"

"linkify-it@^3.0.1":
  "version" "3.0.3"
  dependencies:
    "uc.micro" "^1.0.1"

"load-script@^1.0.0":
  "version" "1.0.0"

"lodash.assignin@^4.0.9":
  "version" "4.2.0"

"lodash.bind@^4.1.4":
  "version" "4.2.1"

"lodash.debounce@^4.0.8":
  "version" "4.0.8"

"lodash.defaults@^4.0.1":
  "version" "4.2.0"

"lodash.filter@^4.4.0":
  "version" "4.6.0"

"lodash.flatten@^4.2.0":
  "version" "4.4.0"

"lodash.foreach@^4.3.0":
  "version" "4.5.0"

"lodash.map@^4.4.0":
  "version" "4.6.0"

"lodash.merge@^4.4.0":
  "version" "4.6.2"

"lodash.pick@^4.2.1":
  "version" "4.4.0"

"lodash.reduce@^4.4.0":
  "version" "4.6.0"

"lodash.reject@^4.4.0":
  "version" "4.6.0"

"lodash.some@^4.4.0":
  "version" "4.6.0"

"lru-queue@0.1":
  "version" "0.1.0"
  dependencies:
    "es5-ext" "~0.10.2"

"make-dir@^2.1.0":
  "version" "2.1.0"
  dependencies:
    "pify" "^4.0.1"
    "semver" "^5.6.0"

"markdown-it@12.2.0":
  "version" "12.2.0"
  dependencies:
    "argparse" "^2.0.1"
    "entities" "~2.1.0"
    "linkify-it" "^3.0.1"
    "mdurl" "^1.0.1"
    "uc.micro" "^1.0.5"

"markdownlint-cli2-formatter-default@^0.0.2":
  "version" "0.0.2"

"markdownlint-cli2@^0.3.2", "markdownlint-cli2@>=0.0.4":
  "version" "0.3.2"
  dependencies:
    "globby" "~11.0.4"
    "markdownlint" "~0.24.0"
    "markdownlint-cli2-formatter-default" "^0.0.2"
    "markdownlint-rule-helpers" "~0.15.0"
    "micromatch" "~4.0.4"
    "strip-json-comments" "~3.1.1"
    "yaml" "~1.10.2"

"markdownlint-rule-helpers@~0.15.0":
  "version" "0.15.0"

"markdownlint@~0.24.0":
  "version" "0.24.0"
  dependencies:
    "markdown-it" "12.2.0"

"md5@^2.2.1":
  "version" "2.3.0"
  dependencies:
    "charenc" "0.0.2"
    "crypt" "0.0.2"
    "is-buffer" "~1.1.6"

"mdurl@^1.0.1":
  "version" "1.0.1"

"memoizee@0.3.x":
  "version" "0.3.10"
  dependencies:
    "d" "~0.1.1"
    "es5-ext" "~0.10.11"
    "es6-weak-map" "~0.1.4"
    "event-emitter" "~0.3.4"
    "lru-queue" "0.1"
    "next-tick" "~0.2.2"
    "timers-ext" "0.1"

"merge-stream@^2.0.0":
  "version" "2.0.0"

"merge2@^1.2.3", "merge2@^1.3.0":
  "version" "1.4.1"

"microformat-node@^2.0.1":
  "version" "2.0.1"
  dependencies:
    "bluebird" "3.4.x"
    "cheerio" "0.22.x"
    "ent" "^2.2.0"
    "microformat-shiv" "^2.0.0"

"microformat-shiv@^2.0.0":
  "version" "2.0.3"

"micromatch@^4.0.4", "micromatch@~4.0.4":
  "version" "4.0.4"
  dependencies:
    "braces" "^3.0.1"
    "picomatch" "^2.2.3"

"mimic-fn@^2.1.0":
  "version" "2.1.0"

"min-document@^2.19.0":
  "version" "2.19.0"
  dependencies:
    "dom-walk" "^0.1.0"

"minimatch@^3.0.4":
  "version" "3.0.4"
  dependencies:
    "brace-expansion" "^1.1.7"

"minimist@^1.2.5":
  "version" "1.2.5"

"minimist@~0.0.1":
  "version" "0.0.10"

"ms@^2.1.2":
  "version" "2.1.3"

"ms@2.0.0":
  "version" "2.0.0"

"ms@2.1.2":
  "version" "2.1.2"

"netlify-plugin-webmentions@^1.1.1":
  "version" "1.1.1"
  dependencies:
    "@remy/webmention" "^1.4.5"

"next-tick@~0.2.2":
  "version" "0.2.2"

"next-tick@~1.0.0":
  "version" "1.0.0"

"next-tick@1":
  "version" "1.1.0"

"nice-try@^1.0.4":
  "version" "1.0.5"

"node-fetch@^2.6.0":
  "version" "2.6.5"
  dependencies:
    "whatwg-url" "^5.0.0"

"node-releases@^2.0.1":
  "version" "2.0.1"

"normalize-path@^3.0.0", "normalize-path@~3.0.0":
  "version" "3.0.0"

"npm-run-path@^3.0.0":
  "version" "3.1.0"
  dependencies:
    "path-key" "^3.0.0"

"nth-check@~1.0.1":
  "version" "1.0.2"
  dependencies:
    "boolbase" "~1.0.0"

"object-keys@^1.0.11", "object-keys@^1.0.12", "object-keys@^1.1.0", "object-keys@^1.1.1":
  "version" "1.1.1"

"object.assign@^4.1.0":
  "version" "4.1.2"
  dependencies:
    "call-bind" "^1.0.0"
    "define-properties" "^1.1.3"
    "has-symbols" "^1.0.1"
    "object-keys" "^1.1.1"

"once@^1.3.0", "once@^1.3.1", "once@^1.4.0":
  "version" "1.4.0"
  dependencies:
    "wrappy" "1"

"onetime@^5.1.0":
  "version" "5.1.2"
  dependencies:
    "mimic-fn" "^2.1.0"

"optimist@^0.6.1":
  "version" "0.6.1"
  dependencies:
    "minimist" "~0.0.1"
    "wordwrap" "~0.0.2"

"p-finally@^2.0.0":
  "version" "2.0.1"

"path-is-absolute@^1.0.0":
  "version" "1.0.1"

"path-key@^2.0.1":
  "version" "2.0.1"

"path-key@^3.0.0":
  "version" "3.1.1"

"path-parse@^1.0.6":
  "version" "1.0.7"

"path-type@^4.0.0":
  "version" "4.0.0"

"picocolors@^1.0.0":
  "version" "1.0.0"

"picomatch@^2.0.4", "picomatch@^2.2.1", "picomatch@^2.2.3":
  "version" "2.3.0"

"pify@^4.0.1":
  "version" "4.0.1"

"prettier-plugin-go-template@^0.0.11":
  "version" "0.0.11"
  dependencies:
    "ulid" "^2.3.0"

"prettier@^2.0.0", "prettier@^2.4.1":
  "version" "2.4.1"

"pretty-bytes@5.3.0":
  "version" "5.3.0"

"process@^0.11.10":
  "version" "0.11.10"

"pump@^3.0.0":
  "version" "3.0.0"
  dependencies:
    "end-of-stream" "^1.1.0"
    "once" "^1.3.1"

"querystring-es3@^0.2.1":
  "version" "0.2.1"

"queue-microtask@^1.2.2":
  "version" "1.2.3"

"readable-stream@^3.1.1":
  "version" "3.6.0"
  dependencies:
    "inherits" "^2.0.3"
    "string_decoder" "^1.1.1"
    "util-deprecate" "^1.0.1"

"readdirp@~3.6.0":
  "version" "3.6.0"
  dependencies:
    "picomatch" "^2.2.1"

"reduce@^1.0.1":
  "version" "1.0.2"
  dependencies:
    "object-keys" "^1.1.0"

"regenerate-unicode-properties@^9.0.0":
  "version" "9.0.0"
  dependencies:
    "regenerate" "^1.4.2"

"regenerate@^1.4.2":
  "version" "1.4.2"

"regenerator-runtime@^0.13.4":
  "version" "0.13.9"

"regenerator-transform@^0.14.2":
  "version" "0.14.5"
  dependencies:
    "@babel/runtime" "^7.8.4"

"regexpu-core@^4.7.1":
  "version" "4.8.0"
  dependencies:
    "regenerate" "^1.4.2"
    "regenerate-unicode-properties" "^9.0.0"
    "regjsgen" "^0.5.2"
    "regjsparser" "^0.7.0"
    "unicode-match-property-ecmascript" "^2.0.0"
    "unicode-match-property-value-ecmascript" "^2.0.0"

"regjsgen@^0.5.2":
  "version" "0.5.2"

"regjsparser@^0.7.0":
  "version" "0.7.0"
  dependencies:
    "jsesc" "~0.5.0"

"resolve@^1.14.2":
  "version" "1.20.0"
  dependencies:
    "is-core-module" "^2.2.0"
    "path-parse" "^1.0.6"

"reusify@^1.0.4":
  "version" "1.0.4"

"rss-parser@^3.7.0":
  "version" "3.12.0"
  dependencies:
    "entities" "^2.0.3"
    "xml2js" "^0.4.19"

"run-parallel@^1.1.9":
  "version" "1.2.0"
  dependencies:
    "queue-microtask" "^1.2.2"

"safe-buffer@^5.0.1", "safe-buffer@~5.2.0":
  "version" "5.2.1"

"safe-buffer@~5.1.1":
  "version" "5.1.2"

"safer-buffer@>= 2.1.2 < 3":
  "version" "2.1.2"

"sax@>=0.6.0":
  "version" "1.2.4"

"semver@^5.1.0":
  "version" "5.7.1"

"semver@^5.5.0":
  "version" "5.7.1"

"semver@^5.6.0":
  "version" "5.7.1"

"semver@^6.1.1", "semver@^6.1.2", "semver@^6.3.0":
  "version" "6.3.0"

"semver@7.0.0":
  "version" "7.0.0"

"shebang-command@^1.2.0":
  "version" "1.2.0"
  dependencies:
    "shebang-regex" "^1.0.0"

"shebang-regex@^1.0.0":
  "version" "1.0.0"

"signal-exit@^3.0.2":
  "version" "3.0.5"

"slash@^2.0.0":
  "version" "2.0.0"

"slash@^3.0.0":
  "version" "3.0.0"

"source-map@^0.5.0":
  "version" "0.5.7"

"string_decoder@^1.1.1":
  "version" "1.3.0"
  dependencies:
    "safe-buffer" "~5.2.0"

"strip-final-newline@^2.0.0":
  "version" "2.0.0"

"strip-json-comments@~3.1.1":
  "version" "3.1.1"

"supports-color@^5.3.0":
  "version" "5.5.0"
  dependencies:
    "has-flag" "^3.0.0"

"through@~2.3.4":
  "version" "2.3.8"

"timers-ext@0.1", "timers-ext@0.1.x":
  "version" "0.1.7"
  dependencies:
    "es5-ext" "~0.10.46"
    "next-tick" "1"

"to-fast-properties@^2.0.0":
  "version" "2.0.0"

"to-regex-range@^5.0.1":
  "version" "5.0.1"
  dependencies:
    "is-number" "^7.0.0"

"tr46@~0.0.3":
  "version" "0.0.3"

"tunnel-agent@^0.6.0":
  "version" "0.6.0"
  dependencies:
    "safe-buffer" "^5.0.1"

"type@^1.0.1":
  "version" "1.2.0"

"type@^2.5.0":
  "version" "2.5.0"

"uc.micro@^1.0.1", "uc.micro@^1.0.5":
  "version" "1.0.6"

"ulid@^2.3.0":
  "version" "2.3.0"

"unicode-canonical-property-names-ecmascript@^2.0.0":
  "version" "2.0.0"

"unicode-match-property-ecmascript@^2.0.0":
  "version" "2.0.0"
  dependencies:
    "unicode-canonical-property-names-ecmascript" "^2.0.0"
    "unicode-property-aliases-ecmascript" "^2.0.0"

"unicode-match-property-value-ecmascript@^2.0.0":
  "version" "2.0.0"

"unicode-property-aliases-ecmascript@^2.0.0":
  "version" "2.0.0"

"universalify@^0.1.0":
  "version" "0.1.2"

"util-deprecate@^1.0.1":
  "version" "1.0.2"

"uuid@^3.3.2":
  "version" "3.4.0"

"webidl-conversions@^3.0.0":
  "version" "3.0.1"

"whatwg-url@^5.0.0":
  "version" "5.0.0"
  dependencies:
    "tr46" "~0.0.3"
    "webidl-conversions" "^3.0.0"

"which@^1.2.9":
  "version" "1.3.1"
  dependencies:
    "isexe" "^2.0.0"

"wordwrap@~0.0.2":
  "version" "0.0.3"

"wrappy@1":
  "version" "1.0.2"

"xml2js@^0.4.19":
  "version" "0.4.23"
  dependencies:
    "sax" ">=0.6.0"
    "xmlbuilder" "~11.0.0"

"xmlbuilder@~11.0.0":
  "version" "11.0.1"

"yaml@~1.10.2":
  "version" "1.10.2"
